
Microsoft Visual Studio Solution File, Format Version 12.00
# Visual Studio 15
VisualStudioVersion = 15.0.27130.2027
MinimumVisualStudioVersion = 10.0.40219.1
Project("{FAE04EC0-301F-11D3-BF4B-00C04F79EFBC}") = "190. Reverse Bits", "190. Reverse Bits\190. Reverse Bits.csproj", "{A5D5CA24-ECDC-4DC2-9287-4D74726A4F80}"
EndProject
Project("{FAE04EC0-301F-11D3-BF4B-00C04F79EFBC}") = "190. Reverse BitsTests", "190. Reverse BitsTests\190. Reverse BitsTests.csproj", "{A4CBF722-0D69-43AC-9E0D-63D2714A08D6}"
EndProject
Global
	GlobalSection(SolutionConfigurationPlatforms) = preSolution
		Debug|Any CPU = Debug|Any CPU
		Release|Any CPU = Release|Any CPU
	EndGlobalSection
	GlobalSection(ProjectConfigurationPlatforms) = postSolution
		{A5D5CA24-ECDC-4DC2-9287-4D74726A4F80}.Debug|Any CPU.ActiveCfg = Debug|Any CPU
		{A5D5CA24-ECDC-4DC2-9287-4D74726A4F80}.Debug|Any CPU.Build.0 = Debug|Any CPU
		{A5D5CA24-ECDC-4DC2-9287-4D74726A4F80}.Release|Any CPU.ActiveCfg = Release|Any CPU
		{A5D5CA24-ECDC-4DC2-9287-4D74726A4F80}.Release|Any CPU.Build.0 = Release|Any CPU
		{A4CBF722-0D69-43AC-9E0D-63D2714A08D6}.Debug|Any CPU.ActiveCfg = Debug|Any CPU
		{A4CBF722-0D69-43AC-9E0D-63D2714A08D6}.Debug|Any CPU.Build.0 = Debug|Any CPU
		{A4CBF722-0D69-43AC-9E0D-63D2714A08D6}.Release|Any CPU.ActiveCfg = Release|Any CPU
		{A4CBF722-0D69-43AC-9E0D-63D2714A08D6}.Release|Any CPU.Build.0 = Release|Any CPU
	EndGlobalSection
	GlobalSection(SolutionProperties) = preSolution
		HideSolutionNode = FALSE
	EndGlobalSection
	GlobalSection(ExtensibilityGlobals) = postSolution
		SolutionGuid = {F7CEF985-4F1F-4D8E-8DAF-32E5277BF9AA}
	EndGlobalSection
EndGlobal
